
Microsoft Visual Studio Solution File, Format Version 12.00
# Visual Studio 2013
VisualStudioVersion = 12.0.30501.0
MinimumVisualStudioVersion = 10.0.40219.1
Project("{FAE04EC0-301F-11D3-BF4B-00C04F79EFBC}") = "Harmonizer.Api", "Harmonizer.Api\Harmonizer.Api.csproj", "{1849D3A5-2427-45C7-97E2-2FCFD5DF27FA}"
EndProject
Project("{FAE04EC0-301F-11D3-BF4B-00C04F79EFBC}") = "Harmonizer.Front", "Harmonizer.Front\Harmonizer.Front.csproj", "{9093C546-FA85-428F-9CF3-EA3C087412D9}"
EndProject
Project("{2150E333-8FDC-42A3-9474-1A3956D46DE8}") = "Solution Items", "Solution Items", "{71108540-A55A-49D0-831F-B246711BF6B6}"
	ProjectSection(SolutionItems) = preProject
		WebEssentials-Settings.json = WebEssentials-Settings.json
	EndProjectSection
EndProject
Global
	GlobalSection(SolutionConfigurationPlatforms) = preSolution
		Debug|Any CPU = Debug|Any CPU
		Release|Any CPU = Release|Any CPU
	EndGlobalSection
	GlobalSection(ProjectConfigurationPlatforms) = postSolution
		{1849D3A5-2427-45C7-97E2-2FCFD5DF27FA}.Debug|Any CPU.ActiveCfg = Debug|Any CPU
		{1849D3A5-2427-45C7-97E2-2FCFD5DF27FA}.Debug|Any CPU.Build.0 = Debug|Any CPU
		{1849D3A5-2427-45C7-97E2-2FCFD5DF27FA}.Release|Any CPU.ActiveCfg = Release|Any CPU
		{1849D3A5-2427-45C7-97E2-2FCFD5DF27FA}.Release|Any CPU.Build.0 = Release|Any CPU
		{9093C546-FA85-428F-9CF3-EA3C087412D9}.Debug|Any CPU.ActiveCfg = Debug|Any CPU
		{9093C546-FA85-428F-9CF3-EA3C087412D9}.Debug|Any CPU.Build.0 = Debug|Any CPU
		{9093C546-FA85-428F-9CF3-EA3C087412D9}.Release|Any CPU.ActiveCfg = Release|Any CPU
		{9093C546-FA85-428F-9CF3-EA3C087412D9}.Release|Any CPU.Build.0 = Release|Any CPU
	EndGlobalSection
	GlobalSection(SolutionProperties) = preSolution
		HideSolutionNode = FALSE
	EndGlobalSection
EndGlobal
